{
  "name": "constellation25",
  "version": "1.0.0",
  "lockfileVersion": 3,
  "requires": true,
  "packages": {
    "": {
      "name": "constellation25",
      "version": "1.0.0",
      "license": "MIT",
      "bin": {
        "c25": "c25_master_control.sh",
        "constellation25": "c25_master_control.sh"
      },
      "engines": {
        "node": ">=16.0.0"
      }
    }
  }
}
